
Microsoft Visual Studio Solution File, Format Version 12.00
# Visual Studio Version 17
VisualStudioVersion = 17.10.34916.146
MinimumVisualStudioVersion = 10.0.40219.1
Project("{FAE04EC0-301F-11D3-BF4B-00C04F79EFBC}") = "WebAPIConsumer", "WebAPIConsumer\WebAPIConsumer.csproj", "{7160A396-EBAB-4699-B93F-2256EDCFB06E}"
EndProject
Global
	GlobalSection(SolutionConfigurationPlatforms) = preSolution
		Debug|Any CPU = Debug|Any CPU
		Release|Any CPU = Release|Any CPU
	EndGlobalSection
	GlobalSection(ProjectConfigurationPlatforms) = postSolution
		{7160A396-EBAB-4699-B93F-2256EDCFB06E}.Debug|Any CPU.ActiveCfg = Debug|Any CPU
		{7160A396-EBAB-4699-B93F-2256EDCFB06E}.Debug|Any CPU.Build.0 = Debug|Any CPU
		{7160A396-EBAB-4699-B93F-2256EDCFB06E}.Release|Any CPU.ActiveCfg = Release|Any CPU
		{7160A396-EBAB-4699-B93F-2256EDCFB06E}.Release|Any CPU.Build.0 = Release|Any CPU
	EndGlobalSection
	GlobalSection(SolutionProperties) = preSolution
		HideSolutionNode = FALSE
	EndGlobalSection
	GlobalSection(ExtensibilityGlobals) = postSolution
		SolutionGuid = {746F617A-C04A-48AA-96B0-AAF4887D9C34}
	EndGlobalSection
EndGlobal
